// !$*UTF8*$!
{
	archiveVersion = 1;
	classes = {
	};
	objectVersion = 56;
	objects = {

/* Begin PBXBuildFile section */
		B50E391729B1D5C50083AEAE /* ArtistAlbum.swift in Sources */ = {isa = PBXBuildFile; fileRef = B50E391629B1D5C50083AEAE /* ArtistAlbum.swift */; };
		B50E391A29B1D7310083AEAE /* ArtistAlbumCollectionViewCell.swift in Sources */ = {isa = PBXBuildFile; fileRef = B50E391929B1D7310083AEAE /* ArtistAlbumCollectionViewCell.swift */; };
		B50E391C29B228BE0083AEAE /* UserEndpoint.swift in Sources */ = {isa = PBXBuildFile; fileRef = B50E391B29B228BD0083AEAE /* UserEndpoint.swift */; };
		B50E391F29B22A290083AEAE /* User.swift in Sources */ = {isa = PBXBuildFile; fileRef = B50E391E29B22A290083AEAE /* User.swift */; };
		B56C276E298665CF0048F8D7 /* PlaylistContent.swift in Sources */ = {isa = PBXBuildFile; fileRef = B56C276D298665CF0048F8D7 /* PlaylistContent.swift */; };
		B56C278329877FED0048F8D7 /* APIImage.swift in Sources */ = {isa = PBXBuildFile; fileRef = B56C278229877FED0048F8D7 /* APIImage.swift */; };
		B56C2785298780560048F8D7 /* Track.swift in Sources */ = {isa = PBXBuildFile; fileRef = B56C2784298780560048F8D7 /* Track.swift */; };
		B56C27872987808C0048F8D7 /* Album.swift in Sources */ = {isa = PBXBuildFile; fileRef = B56C27862987808C0048F8D7 /* Album.swift */; };
		B56C27892987A1DE0048F8D7 /* RecentlyPlayed.swift in Sources */ = {isa = PBXBuildFile; fileRef = B56C27882987A1DE0048F8D7 /* RecentlyPlayed.swift */; };
		B56C278C2987A2700048F8D7 /* Artist.swift in Sources */ = {isa = PBXBuildFile; fileRef = B56C278B2987A2700048F8D7 /* Artist.swift */; };
		B56C278E2987AB5B0048F8D7 /* AlbumContent.swift in Sources */ = {isa = PBXBuildFile; fileRef = B56C278D2987AB5B0048F8D7 /* AlbumContent.swift */; };
		B56C2790298906E40048F8D7 /* APIToken.swift in Sources */ = {isa = PBXBuildFile; fileRef = B56C278F298906E40048F8D7 /* APIToken.swift */; };
		B56C279229890DFD0048F8D7 /* MainTabBarViewController.swift in Sources */ = {isa = PBXBuildFile; fileRef = B56C279129890DFD0048F8D7 /* MainTabBarViewController.swift */; };
		B56C2795298926E00048F8D7 /* PlaylistAlbumHeaderCollectionReusableView.swift in Sources */ = {isa = PBXBuildFile; fileRef = B56C2794298926E00048F8D7 /* PlaylistAlbumHeaderCollectionReusableView.swift */; };
		B56C2797298BBE4D0048F8D7 /* FloatingCover.swift in Sources */ = {isa = PBXBuildFile; fileRef = B56C2796298BBE4D0048F8D7 /* FloatingCover.swift */; };
		B56C279A298BF7CE0048F8D7 /* UIIMage+AverageColor.swift in Sources */ = {isa = PBXBuildFile; fileRef = B56C2799298BF7CE0048F8D7 /* UIIMage+AverageColor.swift */; };
		B56C3CA22984125F002BC147 /* HeaderCollectionReusableView.swift in Sources */ = {isa = PBXBuildFile; fileRef = B56C3CA12984125F002BC147 /* HeaderCollectionReusableView.swift */; };
		B56C3CA429842ACF002BC147 /* FeaturedPlaylists.swift in Sources */ = {isa = PBXBuildFile; fileRef = B56C3CA329842ACF002BC147 /* FeaturedPlaylists.swift */; };
		B56C3CA62984CBF4002BC147 /* UIImageViewURL.swift in Sources */ = {isa = PBXBuildFile; fileRef = B56C3CA52984CBF4002BC147 /* UIImageViewURL.swift */; };
		B56C3CAA2984D3F1002BC147 /* CurrentUserAlbums.swift in Sources */ = {isa = PBXBuildFile; fileRef = B56C3CA92984D3F1002BC147 /* CurrentUserAlbums.swift */; };
		B56C3CAC2984D4DF002BC147 /* ContentEndpoint.swift in Sources */ = {isa = PBXBuildFile; fileRef = B56C3CAB2984D4DF002BC147 /* ContentEndpoint.swift */; };
		B56C3CB02984E0FF002BC147 /* NewReleaseAlbum.swift in Sources */ = {isa = PBXBuildFile; fileRef = B56C3CAF2984E0FF002BC147 /* NewReleaseAlbum.swift */; };
		B56C3CB22984E7E4002BC147 /* PlaylistAlbumDetailViewController.swift in Sources */ = {isa = PBXBuildFile; fileRef = B56C3CB12984E7E4002BC147 /* PlaylistAlbumDetailViewController.swift */; };
		B56C3CB52984E80B002BC147 /* PlaylistAlbumDetailView.swift in Sources */ = {isa = PBXBuildFile; fileRef = B56C3CB42984E80B002BC147 /* PlaylistAlbumDetailView.swift */; };
		B56C3CB72984E92B002BC147 /* PlaylistAlbumDetailViewCell.swift in Sources */ = {isa = PBXBuildFile; fileRef = B56C3CB62984E92B002BC147 /* PlaylistAlbumDetailViewCell.swift */; };
		B56C3CB92984EA4A002BC147 /* PlaylistAlbumDetailViewModel.swift in Sources */ = {isa = PBXBuildFile; fileRef = B56C3CB82984EA4A002BC147 /* PlaylistAlbumDetailViewModel.swift */; };
		B57DA9CF298D18BC006C892B /* PlayerViewController.swift in Sources */ = {isa = PBXBuildFile; fileRef = B57DA9CC298D18BC006C892B /* PlayerViewController.swift */; };
		B57DA9D0298D18BC006C892B /* PlayerView.swift in Sources */ = {isa = PBXBuildFile; fileRef = B57DA9CD298D18BC006C892B /* PlayerView.swift */; };
		B57DA9D1298D18BC006C892B /* PlayerViewModel.swift in Sources */ = {isa = PBXBuildFile; fileRef = B57DA9CE298D18BC006C892B /* PlayerViewModel.swift */; };
		B57DA9D3298D3092006C892B /* UIButton+SFSymbol.swift in Sources */ = {isa = PBXBuildFile; fileRef = B57DA9D2298D3092006C892B /* UIButton+SFSymbol.swift */; };
		B57DA9D5298D3813006C892B /* UIView+Shadows.swift in Sources */ = {isa = PBXBuildFile; fileRef = B57DA9D4298D3813006C892B /* UIView+Shadows.swift */; };
		B59272962983C60400932ADD /* HomeView.swift in Sources */ = {isa = PBXBuildFile; fileRef = B59272952983C60400932ADD /* HomeView.swift */; };
		B59272982983C6A600932ADD /* HomeCollectionViewCell.swift in Sources */ = {isa = PBXBuildFile; fileRef = B59272972983C6A600932ADD /* HomeCollectionViewCell.swift */; };
		B592729B2983C9B600932ADD /* CompLayoutSections.swift in Sources */ = {isa = PBXBuildFile; fileRef = B592729A2983C9B600932ADD /* CompLayoutSections.swift */; };
		B592729D2983D99000932ADD /* HomeViewModel.swift in Sources */ = {isa = PBXBuildFile; fileRef = B592729C2983D99000932ADD /* HomeViewModel.swift */; };
		B5A0C5DD29B35329005E0B15 /* Color.swift in Sources */ = {isa = PBXBuildFile; fileRef = B5A0C5DC29B35329005E0B15 /* Color.swift */; };
		B5A0C5E929B35AAD005E0B15 /* CircularStd-Bold.otf in Resources */ = {isa = PBXBuildFile; fileRef = B5A0C5DF29B35AAD005E0B15 /* CircularStd-Bold.otf */; };
		B5A0C5EA29B35AAD005E0B15 /* CircularStd-Black.otf in Resources */ = {isa = PBXBuildFile; fileRef = B5A0C5E029B35AAD005E0B15 /* CircularStd-Black.otf */; };
		B5A0C5EB29B35AAD005E0B15 /* CircularStd-Medium.otf in Resources */ = {isa = PBXBuildFile; fileRef = B5A0C5E129B35AAD005E0B15 /* CircularStd-Medium.otf */; };
		B5A0C5EF29B35AAD005E0B15 /* CircularStd-Light.otf in Resources */ = {isa = PBXBuildFile; fileRef = B5A0C5E529B35AAD005E0B15 /* CircularStd-Light.otf */; };
		B5A0C5F229B35AAD005E0B15 /* CircularStd-Book.otf in Resources */ = {isa = PBXBuildFile; fileRef = B5A0C5E829B35AAD005E0B15 /* CircularStd-Book.otf */; };
		B5A0C5F429B35D07005E0B15 /* Font.swift in Sources */ = {isa = PBXBuildFile; fileRef = B5A0C5F329B35D07005E0B15 /* Font.swift */; };
		B5A0C5F729B496DC005E0B15 /* MusicVisualizerView.swift in Sources */ = {isa = PBXBuildFile; fileRef = B5A0C5F629B496DC005E0B15 /* MusicVisualizerView.swift */; };
		B5A0C61B29B75075005E0B15 /* Notification+Name.swift in Sources */ = {isa = PBXBuildFile; fileRef = B5A0C61A29B75075005E0B15 /* Notification+Name.swift */; };
		B5BD576E2978EB9E004D9789 /* AppDelegate.swift in Sources */ = {isa = PBXBuildFile; fileRef = B5BD576D2978EB9E004D9789 /* AppDelegate.swift */; };
		B5BD57702978EB9E004D9789 /* SceneDelegate.swift in Sources */ = {isa = PBXBuildFile; fileRef = B5BD576F2978EB9E004D9789 /* SceneDelegate.swift */; };
		B5BD57722978EB9E004D9789 /* LoginViewController.swift in Sources */ = {isa = PBXBuildFile; fileRef = B5BD57712978EB9E004D9789 /* LoginViewController.swift */; };
		B5BD57772978EB9F004D9789 /* Assets.xcassets in Resources */ = {isa = PBXBuildFile; fileRef = B5BD57762978EB9F004D9789 /* Assets.xcassets */; };
		B5BD577A2978EB9F004D9789 /* LaunchScreen.storyboard in Resources */ = {isa = PBXBuildFile; fileRef = B5BD57782978EB9F004D9789 /* LaunchScreen.storyboard */; };
		B5BD57852978ED55004D9789 /* APIManager.swift in Sources */ = {isa = PBXBuildFile; fileRef = B5BD57842978ED55004D9789 /* APIManager.swift */; };
		B5BD57882978F25A004D9789 /* Animation.swift in Sources */ = {isa = PBXBuildFile; fileRef = B5BD57872978F25A004D9789 /* Animation.swift */; };
		B5BD578B2978F647004D9789 /* APIConstant.swift in Sources */ = {isa = PBXBuildFile; fileRef = B5BD578A2978F647004D9789 /* APIConstant.swift */; };
		B5BD578D2978F6C5004D9789 /* AuthEndpoint.swift in Sources */ = {isa = PBXBuildFile; fileRef = B5BD578C2978F6C5004D9789 /* AuthEndpoint.swift */; };
		B5BD578F2978FD6A004D9789 /* OAuthCode.swift in Sources */ = {isa = PBXBuildFile; fileRef = B5BD578E2978FD6A004D9789 /* OAuthCode.swift */; };
		B5BD57922979348F004D9789 /* EncodeBase64.swift in Sources */ = {isa = PBXBuildFile; fileRef = B5BD57912979348F004D9789 /* EncodeBase64.swift */; };
		B5BD579429795041004D9789 /* LoginViewModel.swift in Sources */ = {isa = PBXBuildFile; fileRef = B5BD579329795041004D9789 /* LoginViewModel.swift */; };
		B5BD5796297963BA004D9789 /* LoginView.swift in Sources */ = {isa = PBXBuildFile; fileRef = B5BD5795297963BA004D9789 /* LoginView.swift */; };
		B5BD579A297964FE004D9789 /* HomeViewController.swift in Sources */ = {isa = PBXBuildFile; fileRef = B5BD5799297964FE004D9789 /* HomeViewController.swift */; };
		B5D868DF2996842C00677118 /* PlayerViewBottom.swift in Sources */ = {isa = PBXBuildFile; fileRef = B5D868DE2996842C00677118 /* PlayerViewBottom.swift */; };
		B5F7A828299B86520001ED69 /* ArtistViewController.swift in Sources */ = {isa = PBXBuildFile; fileRef = B5F7A827299B86520001ED69 /* ArtistViewController.swift */; };
		B5F7A82B299B866E0001ED69 /* ArtistView.swift in Sources */ = {isa = PBXBuildFile; fileRef = B5F7A82A299B866E0001ED69 /* ArtistView.swift */; };
		B5F7A82D299B86750001ED69 /* ArtistViewModel.swift in Sources */ = {isa = PBXBuildFile; fileRef = B5F7A82C299B86750001ED69 /* ArtistViewModel.swift */; };
		B5F7A82F299B89C80001ED69 /* ArtistEndpoint.swift in Sources */ = {isa = PBXBuildFile; fileRef = B5F7A82E299B89C80001ED69 /* ArtistEndpoint.swift */; };
		B5F7A832299B89E40001ED69 /* EndpointProtocol.swift in Sources */ = {isa = PBXBuildFile; fileRef = B5F7A831299B89E40001ED69 /* EndpointProtocol.swift */; };
		B5F7A834299B8E050001ED69 /* CompLayoutArtist.swift in Sources */ = {isa = PBXBuildFile; fileRef = B5F7A833299B8E050001ED69 /* CompLayoutArtist.swift */; };
		B5F7A836299B8FF60001ED69 /* ArtistTopTracksCollectionViewCell.swift in Sources */ = {isa = PBXBuildFile; fileRef = B5F7A835299B8FF60001ED69 /* ArtistTopTracksCollectionViewCell.swift */; };
		B5F7A839299B97710001ED69 /* ArtistHeaderReusableView.swift in Sources */ = {isa = PBXBuildFile; fileRef = B5F7A838299B97710001ED69 /* ArtistHeaderReusableView.swift */; };
		B5F7A83B299B9ECB0001ED69 /* ArtistPopularTracks.swift in Sources */ = {isa = PBXBuildFile; fileRef = B5F7A83A299B9ECB0001ED69 /* ArtistPopularTracks.swift */; };
/* End PBXBuildFile section */

/* Begin PBXFileReference section */
		B50E391629B1D5C50083AEAE /* ArtistAlbum.swift */ = {isa = PBXFileReference; lastKnownFileType = sourcecode.swift; path = ArtistAlbum.swift; sourceTree = "<group>"; };
		B50E391929B1D7310083AEAE /* ArtistAlbumCollectionViewCell.swift */ = {isa = PBXFileReference; lastKnownFileType = sourcecode.swift; path = ArtistAlbumCollectionViewCell.swift; sourceTree = "<group>"; };
		B50E391B29B228BD0083AEAE /* UserEndpoint.swift */ = {isa = PBXFileReference; lastKnownFileType = sourcecode.swift; path = UserEndpoint.swift; sourceTree = "<group>"; };
		B50E391E29B22A290083AEAE /* User.swift */ = {isa = PBXFileReference; lastKnownFileType = sourcecode.swift; path = User.swift; sourceTree = "<group>"; };
		B56C276D298665CF0048F8D7 /* PlaylistContent.swift */ = {isa = PBXFileReference; lastKnownFileType = sourcecode.swift; path = PlaylistContent.swift; sourceTree = "<group>"; };
		B56C278229877FED0048F8D7 /* APIImage.swift */ = {isa = PBXFileReference; lastKnownFileType = sourcecode.swift; path = APIImage.swift; sourceTree = "<group>"; };
		B56C2784298780560048F8D7 /* Track.swift */ = {isa = PBXFileReference; lastKnownFileType = sourcecode.swift; path = Track.swift; sourceTree = "<group>"; };
		B56C27862987808C0048F8D7 /* Album.swift */ = {isa = PBXFileReference; lastKnownFileType = sourcecode.swift; path = Album.swift; sourceTree = "<group>"; };
		B56C27882987A1DE0048F8D7 /* RecentlyPlayed.swift */ = {isa = PBXFileReference; lastKnownFileType = sourcecode.swift; path = RecentlyPlayed.swift; sourceTree = "<group>"; };
		B56C278B2987A2700048F8D7 /* Artist.swift */ = {isa = PBXFileReference; lastKnownFileType = sourcecode.swift; path = Artist.swift; sourceTree = "<group>"; };
		B56C278D2987AB5B0048F8D7 /* AlbumContent.swift */ = {isa = PBXFileReference; lastKnownFileType = sourcecode.swift; path = AlbumContent.swift; sourceTree = "<group>"; };
		B56C278F298906E40048F8D7 /* APIToken.swift */ = {isa = PBXFileReference; lastKnownFileType = sourcecode.swift; path = APIToken.swift; sourceTree = "<group>"; };
		B56C279129890DFD0048F8D7 /* MainTabBarViewController.swift */ = {isa = PBXFileReference; lastKnownFileType = sourcecode.swift; path = MainTabBarViewController.swift; sourceTree = "<group>"; };
		B56C2794298926E00048F8D7 /* PlaylistAlbumHeaderCollectionReusableView.swift */ = {isa = PBXFileReference; lastKnownFileType = sourcecode.swift; path = PlaylistAlbumHeaderCollectionReusableView.swift; sourceTree = "<group>"; };
		B56C2796298BBE4D0048F8D7 /* FloatingCover.swift */ = {isa = PBXFileReference; lastKnownFileType = sourcecode.swift; path = FloatingCover.swift; sourceTree = "<group>"; };
		B56C2799298BF7CE0048F8D7 /* UIIMage+AverageColor.swift */ = {isa = PBXFileReference; lastKnownFileType = sourcecode.swift; path = "UIIMage+AverageColor.swift"; sourceTree = "<group>"; };
		B56C3CA12984125F002BC147 /* HeaderCollectionReusableView.swift */ = {isa = PBXFileReference; lastKnownFileType = sourcecode.swift; path = HeaderCollectionReusableView.swift; sourceTree = "<group>"; };
		B56C3CA329842ACF002BC147 /* FeaturedPlaylists.swift */ = {isa = PBXFileReference; lastKnownFileType = sourcecode.swift; path = FeaturedPlaylists.swift; sourceTree = "<group>"; };
		B56C3CA52984CBF4002BC147 /* UIImageViewURL.swift */ = {isa = PBXFileReference; lastKnownFileType = sourcecode.swift; path = UIImageViewURL.swift; sourceTree = "<group>"; };
		B56C3CA92984D3F1002BC147 /* CurrentUserAlbums.swift */ = {isa = PBXFileReference; lastKnownFileType = sourcecode.swift; path = CurrentUserAlbums.swift; sourceTree = "<group>"; };
		B56C3CAB2984D4DF002BC147 /* ContentEndpoint.swift */ = {isa = PBXFileReference; lastKnownFileType = sourcecode.swift; path = ContentEndpoint.swift; sourceTree = "<group>"; };
		B56C3CAF2984E0FF002BC147 /* NewReleaseAlbum.swift */ = {isa = PBXFileReference; lastKnownFileType = sourcecode.swift; path = NewReleaseAlbum.swift; sourceTree = "<group>"; };
		B56C3CB12984E7E4002BC147 /* PlaylistAlbumDetailViewController.swift */ = {isa = PBXFileReference; lastKnownFileType = sourcecode.swift; path = PlaylistAlbumDetailViewController.swift; sourceTree = "<group>"; };
		B56C3CB42984E80B002BC147 /* PlaylistAlbumDetailView.swift */ = {isa = PBXFileReference; lastKnownFileType = sourcecode.swift; path = PlaylistAlbumDetailView.swift; sourceTree = "<group>"; };
		B56C3CB62984E92B002BC147 /* PlaylistAlbumDetailViewCell.swift */ = {isa = PBXFileReference; lastKnownFileType = sourcecode.swift; path = PlaylistAlbumDetailViewCell.swift; sourceTree = "<group>"; };
		B56C3CB82984EA4A002BC147 /* PlaylistAlbumDetailViewModel.swift */ = {isa = PBXFileReference; lastKnownFileType = sourcecode.swift; path = PlaylistAlbumDetailViewModel.swift; sourceTree = "<group>"; };
		B57DA9CC298D18BC006C892B /* PlayerViewController.swift */ = {isa = PBXFileReference; fileEncoding = 4; lastKnownFileType = sourcecode.swift; path = PlayerViewController.swift; sourceTree = "<group>"; };
		B57DA9CD298D18BC006C892B /* PlayerView.swift */ = {isa = PBXFileReference; fileEncoding = 4; lastKnownFileType = sourcecode.swift; path = PlayerView.swift; sourceTree = "<group>"; };
		B57DA9CE298D18BC006C892B /* PlayerViewModel.swift */ = {isa = PBXFileReference; fileEncoding = 4; lastKnownFileType = sourcecode.swift; path = PlayerViewModel.swift; sourceTree = "<group>"; };
		B57DA9D2298D3092006C892B /* UIButton+SFSymbol.swift */ = {isa = PBXFileReference; lastKnownFileType = sourcecode.swift; path = "UIButton+SFSymbol.swift"; sourceTree = "<group>"; };
		B57DA9D4298D3813006C892B /* UIView+Shadows.swift */ = {isa = PBXFileReference; lastKnownFileType = sourcecode.swift; path = "UIView+Shadows.swift"; sourceTree = "<group>"; };
		B59272952983C60400932ADD /* HomeView.swift */ = {isa = PBXFileReference; lastKnownFileType = sourcecode.swift; path = HomeView.swift; sourceTree = "<group>"; };
		B59272972983C6A600932ADD /* HomeCollectionViewCell.swift */ = {isa = PBXFileReference; lastKnownFileType = sourcecode.swift; path = HomeCollectionViewCell.swift; sourceTree = "<group>"; };
		B592729A2983C9B600932ADD /* CompLayoutSections.swift */ = {isa = PBXFileReference; lastKnownFileType = sourcecode.swift; path = CompLayoutSections.swift; sourceTree = "<group>"; };
		B592729C2983D99000932ADD /* HomeViewModel.swift */ = {isa = PBXFileReference; lastKnownFileType = sourcecode.swift; path = HomeViewModel.swift; sourceTree = "<group>"; };
		B5A0C5DC29B35329005E0B15 /* Color.swift */ = {isa = PBXFileReference; lastKnownFileType = sourcecode.swift; path = Color.swift; sourceTree = "<group>"; };
		B5A0C5DF29B35AAD005E0B15 /* CircularStd-Bold.otf */ = {isa = PBXFileReference; lastKnownFileType = file; path = "CircularStd-Bold.otf"; sourceTree = "<group>"; };
		B5A0C5E029B35AAD005E0B15 /* CircularStd-Black.otf */ = {isa = PBXFileReference; lastKnownFileType = file; path = "CircularStd-Black.otf"; sourceTree = "<group>"; };
		B5A0C5E129B35AAD005E0B15 /* CircularStd-Medium.otf */ = {isa = PBXFileReference; lastKnownFileType = file; path = "CircularStd-Medium.otf"; sourceTree = "<group>"; };
		B5A0C5E529B35AAD005E0B15 /* CircularStd-Light.otf */ = {isa = PBXFileReference; lastKnownFileType = file; path = "CircularStd-Light.otf"; sourceTree = "<group>"; };
		B5A0C5E829B35AAD005E0B15 /* CircularStd-Book.otf */ = {isa = PBXFileReference; lastKnownFileType = file; path = "CircularStd-Book.otf"; sourceTree = "<group>"; };
		B5A0C5F329B35D07005E0B15 /* Font.swift */ = {isa = PBXFileReference; lastKnownFileType = sourcecode.swift; path = Font.swift; sourceTree = "<group>"; };
		B5A0C5F629B496DC005E0B15 /* MusicVisualizerView.swift */ = {isa = PBXFileReference; lastKnownFileType = sourcecode.swift; path = MusicVisualizerView.swift; sourceTree = "<group>"; };
		B5A0C61A29B75075005E0B15 /* Notification+Name.swift */ = {isa = PBXFileReference; lastKnownFileType = sourcecode.swift; path = "Notification+Name.swift"; sourceTree = "<group>"; };
		B5BD576A2978EB9E004D9789 /* SpotifyClone.app */ = {isa = PBXFileReference; explicitFileType = wrapper.application; includeInIndex = 0; path = SpotifyClone.app; sourceTree = BUILT_PRODUCTS_DIR; };
		B5BD576D2978EB9E004D9789 /* AppDelegate.swift */ = {isa = PBXFileReference; lastKnownFileType = sourcecode.swift; path = AppDelegate.swift; sourceTree = "<group>"; };
		B5BD576F2978EB9E004D9789 /* SceneDelegate.swift */ = {isa = PBXFileReference; lastKnownFileType = sourcecode.swift; path = SceneDelegate.swift; sourceTree = "<group>"; };
		B5BD57712978EB9E004D9789 /* LoginViewController.swift */ = {isa = PBXFileReference; lastKnownFileType = sourcecode.swift; path = LoginViewController.swift; sourceTree = "<group>"; };
		B5BD57762978EB9F004D9789 /* Assets.xcassets */ = {isa = PBXFileReference; lastKnownFileType = folder.assetcatalog; path = Assets.xcassets; sourceTree = "<group>"; };
		B5BD57792978EB9F004D9789 /* Base */ = {isa = PBXFileReference; lastKnownFileType = file.storyboard; name = Base; path = Base.lproj/LaunchScreen.storyboard; sourceTree = "<group>"; };
		B5BD577B2978EB9F004D9789 /* Info.plist */ = {isa = PBXFileReference; lastKnownFileType = text.plist.xml; path = Info.plist; sourceTree = "<group>"; };
		B5BD57842978ED55004D9789 /* APIManager.swift */ = {isa = PBXFileReference; lastKnownFileType = sourcecode.swift; path = APIManager.swift; sourceTree = "<group>"; };
		B5BD57872978F25A004D9789 /* Animation.swift */ = {isa = PBXFileReference; lastKnownFileType = sourcecode.swift; path = Animation.swift; sourceTree = "<group>"; };
		B5BD578A2978F647004D9789 /* APIConstant.swift */ = {isa = PBXFileReference; lastKnownFileType = sourcecode.swift; path = APIConstant.swift; sourceTree = "<group>"; };
		B5BD578C2978F6C5004D9789 /* AuthEndpoint.swift */ = {isa = PBXFileReference; lastKnownFileType = sourcecode.swift; path = AuthEndpoint.swift; sourceTree = "<group>"; };
		B5BD578E2978FD6A004D9789 /* OAuthCode.swift */ = {isa = PBXFileReference; lastKnownFileType = sourcecode.swift; path = OAuthCode.swift; sourceTree = "<group>"; };
		B5BD57912979348F004D9789 /* EncodeBase64.swift */ = {isa = PBXFileReference; lastKnownFileType = sourcecode.swift; path = EncodeBase64.swift; sourceTree = "<group>"; };
		B5BD579329795041004D9789 /* LoginViewModel.swift */ = {isa = PBXFileReference; lastKnownFileType = sourcecode.swift; path = LoginViewModel.swift; sourceTree = "<group>"; };
		B5BD5795297963BA004D9789 /* LoginView.swift */ = {isa = PBXFileReference; lastKnownFileType = sourcecode.swift; path = LoginView.swift; sourceTree = "<group>"; };
		B5BD5799297964FE004D9789 /* HomeViewController.swift */ = {isa = PBXFileReference; lastKnownFileType = sourcecode.swift; path = HomeViewController.swift; sourceTree = "<group>"; };
		B5D868DE2996842C00677118 /* PlayerViewBottom.swift */ = {isa = PBXFileReference; lastKnownFileType = sourcecode.swift; path = PlayerViewBottom.swift; sourceTree = "<group>"; };
		B5F7A827299B86520001ED69 /* ArtistViewController.swift */ = {isa = PBXFileReference; lastKnownFileType = sourcecode.swift; path = ArtistViewController.swift; sourceTree = "<group>"; };
		B5F7A82A299B866E0001ED69 /* ArtistView.swift */ = {isa = PBXFileReference; lastKnownFileType = sourcecode.swift; path = ArtistView.swift; sourceTree = "<group>"; };
		B5F7A82C299B86750001ED69 /* ArtistViewModel.swift */ = {isa = PBXFileReference; lastKnownFileType = sourcecode.swift; path = ArtistViewModel.swift; sourceTree = "<group>"; };
		B5F7A82E299B89C80001ED69 /* ArtistEndpoint.swift */ = {isa = PBXFileReference; lastKnownFileType = sourcecode.swift; path = ArtistEndpoint.swift; sourceTree = "<group>"; };
		B5F7A831299B89E40001ED69 /* EndpointProtocol.swift */ = {isa = PBXFileReference; lastKnownFileType = sourcecode.swift; path = EndpointProtocol.swift; sourceTree = "<group>"; };
		B5F7A833299B8E050001ED69 /* CompLayoutArtist.swift */ = {isa = PBXFileReference; lastKnownFileType = sourcecode.swift; path = CompLayoutArtist.swift; sourceTree = "<group>"; };
		B5F7A835299B8FF60001ED69 /* ArtistTopTracksCollectionViewCell.swift */ = {isa = PBXFileReference; lastKnownFileType = sourcecode.swift; path = ArtistTopTracksCollectionViewCell.swift; sourceTree = "<group>"; };
		B5F7A838299B97710001ED69 /* ArtistHeaderReusableView.swift */ = {isa = PBXFileReference; lastKnownFileType = sourcecode.swift; path = ArtistHeaderReusableView.swift; sourceTree = "<group>"; };
		B5F7A83A299B9ECB0001ED69 /* ArtistPopularTracks.swift */ = {isa = PBXFileReference; lastKnownFileType = sourcecode.swift; path = ArtistPopularTracks.swift; sourceTree = "<group>"; };
/* End PBXFileReference section */

/* Begin PBXFrameworksBuildPhase section */
		B5BD57672978EB9E004D9789 /* Frameworks */ = {
			isa = PBXFrameworksBuildPhase;
			buildActionMask = 2147483647;
			files = (
			);
			runOnlyForDeploymentPostprocessing = 0;
		};
/* End PBXFrameworksBuildPhase section */

/* Begin PBXGroup section */
		B50E391829B1D5CC0083AEAE /* Artist */ = {
			isa = PBXGroup;
			children = (
				B50E391629B1D5C50083AEAE /* ArtistAlbum.swift */,
				B5F7A83A299B9ECB0001ED69 /* ArtistPopularTracks.swift */,
			);
			path = Artist;
			sourceTree = "<group>";
		};
		B50E391D29B228C00083AEAE /* User */ = {
			isa = PBXGroup;
			children = (
				B50E391B29B228BD0083AEAE /* UserEndpoint.swift */,
			);
			path = User;
			sourceTree = "<group>";
		};
		B50E392029B22A2C0083AEAE /* User */ = {
			isa = PBXGroup;
			children = (
				B50E391E29B22A290083AEAE /* User.swift */,
			);
			path = User;
			sourceTree = "<group>";
		};
		B56C276B298663B60048F8D7 /* Auth */ = {
			isa = PBXGroup;
			children = (
				B5BD578E2978FD6A004D9789 /* OAuthCode.swift */,
			);
			path = Auth;
			sourceTree = "<group>";
		};
		B56C276C298663CB0048F8D7 /* Playlist */ = {
			isa = PBXGroup;
			children = (
				B56C3CA329842ACF002BC147 /* FeaturedPlaylists.swift */,
				B56C276D298665CF0048F8D7 /* PlaylistContent.swift */,
			);
			path = Playlist;
			sourceTree = "<group>";
		};
		B56C27732986725A0048F8D7 /* UserContent */ = {
			isa = PBXGroup;
			children = (
				B56C3CA92984D3F1002BC147 /* CurrentUserAlbums.swift */,
			);
			path = UserContent;
			sourceTree = "<group>";
		};
		B56C277A2986CA960048F8D7 /* NewRelease */ = {
			isa = PBXGroup;
			children = (
				B56C3CAF2984E0FF002BC147 /* NewReleaseAlbum.swift */,
			);
			path = NewRelease;
			sourceTree = "<group>";
		};
		B56C278A2987A1E50048F8D7 /* RecentlyPlayed */ = {
			isa = PBXGroup;
			children = (
				B56C27882987A1DE0048F8D7 /* RecentlyPlayed.swift */,
			);
			path = RecentlyPlayed;
			sourceTree = "<group>";
		};
		B56C279329890E390048F8D7 /* TabBar */ = {
			isa = PBXGroup;
			children = (
				B56C279129890DFD0048F8D7 /* MainTabBarViewController.swift */,
			);
			path = TabBar;
			sourceTree = "<group>";
		};
		B56C2798298BC2300048F8D7 /* CommonViews */ = {
			isa = PBXGroup;
			children = (
				B56C2796298BBE4D0048F8D7 /* FloatingCover.swift */,
				B5D868DE2996842C00677118 /* PlayerViewBottom.swift */,
			);
			path = CommonViews;
			sourceTree = "<group>";
		};
		B56C279B298BF7F80048F8D7 /* Extension */ = {
			isa = PBXGroup;
			children = (
				B56C2799298BF7CE0048F8D7 /* UIIMage+AverageColor.swift */,
				B57DA9D2298D3092006C892B /* UIButton+SFSymbol.swift */,
				B57DA9D4298D3813006C892B /* UIView+Shadows.swift */,
				B5A0C61A29B75075005E0B15 /* Notification+Name.swift */,
			);
			path = Extension;
			sourceTree = "<group>";
		};
		B56C3CA72984CBF8002BC147 /* Subclass */ = {
			isa = PBXGroup;
			children = (
				B56C3CA52984CBF4002BC147 /* UIImageViewURL.swift */,
			);
			path = Subclass;
			sourceTree = "<group>";
		};
		B56C3CA82984CFF2002BC147 /* ReusableView */ = {
			isa = PBXGroup;
			children = (
				B56C3CA12984125F002BC147 /* HeaderCollectionReusableView.swift */,
				B56C2794298926E00048F8D7 /* PlaylistAlbumHeaderCollectionReusableView.swift */,
			);
			path = ReusableView;
			sourceTree = "<group>";
		};
		B56C3CAD2984D8EC002BC147 /* Auth */ = {
			isa = PBXGroup;
			children = (
				B5BD578C2978F6C5004D9789 /* AuthEndpoint.swift */,
			);
			path = Auth;
			sourceTree = "<group>";
		};
		B56C3CAE2984D8F1002BC147 /* Content */ = {
			isa = PBXGroup;
			children = (
				B56C3CAB2984D4DF002BC147 /* ContentEndpoint.swift */,
			);
			path = Content;
			sourceTree = "<group>";
		};
		B56C3CB32984E7E7002BC147 /* PlaylistAlbumDetailView */ = {
			isa = PBXGroup;
			children = (
				B56C3CB12984E7E4002BC147 /* PlaylistAlbumDetailViewController.swift */,
				B56C3CB42984E80B002BC147 /* PlaylistAlbumDetailView.swift */,
				B56C3CB82984EA4A002BC147 /* PlaylistAlbumDetailViewModel.swift */,
			);
			path = PlaylistAlbumDetailView;
			sourceTree = "<group>";
		};
		B57DA9CB298D18BC006C892B /* Player */ = {
			isa = PBXGroup;
			children = (
				B57DA9CC298D18BC006C892B /* PlayerViewController.swift */,
				B57DA9CD298D18BC006C892B /* PlayerView.swift */,
				B57DA9CE298D18BC006C892B /* PlayerViewModel.swift */,
			);
			path = Player;
			sourceTree = "<group>";
		};
		B59272992983C6A900932ADD /* Cell */ = {
			isa = PBXGroup;
			children = (
				B59272972983C6A600932ADD /* HomeCollectionViewCell.swift */,
				B56C3CB62984E92B002BC147 /* PlaylistAlbumDetailViewCell.swift */,
			);
			path = Cell;
			sourceTree = "<group>";
		};
		B5A0C5DE29B35A0D005E0B15 /* Fonts */ = {
			isa = PBXGroup;
			children = (
				B5A0C5E029B35AAD005E0B15 /* CircularStd-Black.otf */,
				B5A0C5DF29B35AAD005E0B15 /* CircularStd-Bold.otf */,
				B5A0C5E829B35AAD005E0B15 /* CircularStd-Book.otf */,
				B5A0C5E529B35AAD005E0B15 /* CircularStd-Light.otf */,
				B5A0C5E129B35AAD005E0B15 /* CircularStd-Medium.otf */,
			);
			path = Fonts;
			sourceTree = "<group>";
		};
		B5A0C5F529B496AD005E0B15 /* CommonView */ = {
			isa = PBXGroup;
			children = (
				B5A0C5F629B496DC005E0B15 /* MusicVisualizerView.swift */,
			);
			path = CommonView;
			sourceTree = "<group>";
		};
		B5BD57612978EB9E004D9789 = {
			isa = PBXGroup;
			children = (
				B5BD576C2978EB9E004D9789 /* SpotifyClone */,
				B5BD576B2978EB9E004D9789 /* Products */,
			);
			sourceTree = "<group>";
		};
		B5BD576B2978EB9E004D9789 /* Products */ = {
			isa = PBXGroup;
			children = (
				B5BD576A2978EB9E004D9789 /* SpotifyClone.app */,
			);
			name = Products;
			sourceTree = "<group>";
		};
		B5BD576C2978EB9E004D9789 /* SpotifyClone */ = {
			isa = PBXGroup;
			children = (
				B5BD57812978EBE3004D9789 /* App */,
				B5BD57862978ED5A004D9789 /* API */,
				B5BD57892978F25E004D9789 /* Helper */,
				B56C279B298BF7F80048F8D7 /* Extension */,
				B56C3CA72984CBF8002BC147 /* Subclass */,
				B5A0C5F529B496AD005E0B15 /* CommonView */,
				B5BD57832978EC02004D9789 /* Main */,
				B5BD57902978FD6D004D9789 /* Model */,
				B5BD57822978EBE9004D9789 /* Resources */,
			);
			path = SpotifyClone;
			sourceTree = "<group>";
		};
		B5BD57812978EBE3004D9789 /* App */ = {
			isa = PBXGroup;
			children = (
				B5BD576D2978EB9E004D9789 /* AppDelegate.swift */,
				B5BD576F2978EB9E004D9789 /* SceneDelegate.swift */,
				B5BD57782978EB9F004D9789 /* LaunchScreen.storyboard */,
				B5BD577B2978EB9F004D9789 /* Info.plist */,
			);
			path = App;
			sourceTree = "<group>";
		};
		B5BD57822978EBE9004D9789 /* Resources */ = {
			isa = PBXGroup;
			children = (
				B5A0C5DE29B35A0D005E0B15 /* Fonts */,
				B5A0C5F329B35D07005E0B15 /* Font.swift */,
				B5A0C5DC29B35329005E0B15 /* Color.swift */,
				B5BD57762978EB9F004D9789 /* Assets.xcassets */,
			);
			path = Resources;
			sourceTree = "<group>";
		};
		B5BD57832978EC02004D9789 /* Main */ = {
			isa = PBXGroup;
			children = (
				B56C279329890E390048F8D7 /* TabBar */,
				B5BD5797297964A3004D9789 /* Auth */,
				B57DA9CB298D18BC006C892B /* Player */,
				B5BD5798297964B7004D9789 /* Home */,
				B5F7A829299B86550001ED69 /* Artist */,
			);
			path = Main;
			sourceTree = "<group>";
		};
		B5BD57862978ED5A004D9789 /* API */ = {
			isa = PBXGroup;
			children = (
				B5BD578A2978F647004D9789 /* APIConstant.swift */,
				B56C278F298906E40048F8D7 /* APIToken.swift */,
				B5BD57842978ED55004D9789 /* APIManager.swift */,
				B5F7A831299B89E40001ED69 /* EndpointProtocol.swift */,
				B56C3CAD2984D8EC002BC147 /* Auth */,
				B56C3CAE2984D8F1002BC147 /* Content */,
				B5F7A830299B89CC0001ED69 /* Artist */,
				B50E391D29B228C00083AEAE /* User */,
			);
			path = API;
			sourceTree = "<group>";
		};
		B5BD57892978F25E004D9789 /* Helper */ = {
			isa = PBXGroup;
			children = (
				B5BD57872978F25A004D9789 /* Animation.swift */,
				B5BD57912979348F004D9789 /* EncodeBase64.swift */,
			);
			path = Helper;
			sourceTree = "<group>";
		};
		B5BD57902978FD6D004D9789 /* Model */ = {
			isa = PBXGroup;
			children = (
				B56C276B298663B60048F8D7 /* Auth */,
				B56C276C298663CB0048F8D7 /* Playlist */,
				B56C27732986725A0048F8D7 /* UserContent */,
				B56C277A2986CA960048F8D7 /* NewRelease */,
				B56C278A2987A1E50048F8D7 /* RecentlyPlayed */,
				B56C278D2987AB5B0048F8D7 /* AlbumContent.swift */,
				B56C278B2987A2700048F8D7 /* Artist.swift */,
				B56C278229877FED0048F8D7 /* APIImage.swift */,
				B56C2784298780560048F8D7 /* Track.swift */,
				B56C27862987808C0048F8D7 /* Album.swift */,
				B50E392029B22A2C0083AEAE /* User */,
				B50E391829B1D5CC0083AEAE /* Artist */,
			);
			path = Model;
			sourceTree = "<group>";
		};
		B5BD5797297964A3004D9789 /* Auth */ = {
			isa = PBXGroup;
			children = (
				B5BD5795297963BA004D9789 /* LoginView.swift */,
				B5BD57712978EB9E004D9789 /* LoginViewController.swift */,
				B5BD579329795041004D9789 /* LoginViewModel.swift */,
			);
			path = Auth;
			sourceTree = "<group>";
		};
		B5BD5798297964B7004D9789 /* Home */ = {
			isa = PBXGroup;
			children = (
				B5BD5799297964FE004D9789 /* HomeViewController.swift */,
				B59272952983C60400932ADD /* HomeView.swift */,
				B592729C2983D99000932ADD /* HomeViewModel.swift */,
				B592729A2983C9B600932ADD /* CompLayoutSections.swift */,
				B56C2798298BC2300048F8D7 /* CommonViews */,
				B56C3CB32984E7E7002BC147 /* PlaylistAlbumDetailView */,
				B59272992983C6A900932ADD /* Cell */,
				B56C3CA82984CFF2002BC147 /* ReusableView */,
			);
			path = Home;
			sourceTree = "<group>";
		};
		B5F7A829299B86550001ED69 /* Artist */ = {
			isa = PBXGroup;
			children = (
				B5F7A827299B86520001ED69 /* ArtistViewController.swift */,
				B5F7A82A299B866E0001ED69 /* ArtistView.swift */,
				B5F7A82C299B86750001ED69 /* ArtistViewModel.swift */,
				B5F7A833299B8E050001ED69 /* CompLayoutArtist.swift */,
				B5F7A837299B8FF90001ED69 /* Cell */,
			);
			path = Artist;
			sourceTree = "<group>";
		};
		B5F7A830299B89CC0001ED69 /* Artist */ = {
			isa = PBXGroup;
			children = (
				B5F7A82E299B89C80001ED69 /* ArtistEndpoint.swift */,
			);
			path = Artist;
			sourceTree = "<group>";
		};
		B5F7A837299B8FF90001ED69 /* Cell */ = {
			isa = PBXGroup;
			children = (
				B5F7A835299B8FF60001ED69 /* ArtistTopTracksCollectionViewCell.swift */,
				B5F7A838299B97710001ED69 /* ArtistHeaderReusableView.swift */,
				B50E391929B1D7310083AEAE /* ArtistAlbumCollectionViewCell.swift */,
			);
			path = Cell;
			sourceTree = "<group>";
		};
/* End PBXGroup section */

/* Begin PBXNativeTarget section */
		B5BD57692978EB9E004D9789 /* SpotifyClone */ = {
			isa = PBXNativeTarget;
			buildConfigurationList = B5BD577E2978EB9F004D9789 /* Build configuration list for PBXNativeTarget "SpotifyClone" */;
			buildPhases = (
				B5BD57662978EB9E004D9789 /* Sources */,
				B5BD57672978EB9E004D9789 /* Frameworks */,
				B5BD57682978EB9E004D9789 /* Resources */,
			);
			buildRules = (
			);
			dependencies = (
			);
			name = SpotifyClone;
			productName = SpotifyClone;
			productReference = B5BD576A2978EB9E004D9789 /* SpotifyClone.app */;
			productType = "com.apple.product-type.application";
		};
/* End PBXNativeTarget section */

/* Begin PBXProject section */
		B5BD57622978EB9E004D9789 /* Project object */ = {
			isa = PBXProject;
			attributes = {
				BuildIndependentTargetsInParallel = 1;
				LastSwiftUpdateCheck = 1400;
				LastUpgradeCheck = 1400;
				TargetAttributes = {
					B5BD57692978EB9E004D9789 = {
						CreatedOnToolsVersion = 14.0.1;
					};
				};
			};
			buildConfigurationList = B5BD57652978EB9E004D9789 /* Build configuration list for PBXProject "SpotifyClone" */;
			compatibilityVersion = "Xcode 14.0";
			developmentRegion = en;
			hasScannedForEncodings = 0;
			knownRegions = (
				en,
				Base,
			);
			mainGroup = B5BD57612978EB9E004D9789;
			productRefGroup = B5BD576B2978EB9E004D9789 /* Products */;
			projectDirPath = "";
			projectRoot = "";
			targets = (
				B5BD57692978EB9E004D9789 /* SpotifyClone */,
			);
		};
/* End PBXProject section */

/* Begin PBXResourcesBuildPhase section */
		B5BD57682978EB9E004D9789 /* Resources */ = {
			isa = PBXResourcesBuildPhase;
			buildActionMask = 2147483647;
			files = (
				B5A0C5EF29B35AAD005E0B15 /* CircularStd-Light.otf in Resources */,
				B5A0C5EB29B35AAD005E0B15 /* CircularStd-Medium.otf in Resources */,
				B5BD577A2978EB9F004D9789 /* LaunchScreen.storyboard in Resources */,
				B5A0C5E929B35AAD005E0B15 /* CircularStd-Bold.otf in Resources */,
				B5A0C5F229B35AAD005E0B15 /* CircularStd-Book.otf in Resources */,
				B5A0C5EA29B35AAD005E0B15 /* CircularStd-Black.otf in Resources */,
				B5BD57772978EB9F004D9789 /* Assets.xcassets in Resources */,
			);
			runOnlyForDeploymentPostprocessing = 0;
		};
/* End PBXResourcesBuildPhase section */

/* Begin PBXSourcesBuildPhase section */
		B5BD57662978EB9E004D9789 /* Sources */ = {
			isa = PBXSourcesBuildPhase;
			buildActionMask = 2147483647;
			files = (
				B5BD578D2978F6C5004D9789 /* AuthEndpoint.swift in Sources */,
				B5A0C61B29B75075005E0B15 /* Notification+Name.swift in Sources */,
				B5BD57852978ED55004D9789 /* APIManager.swift in Sources */,
				B57DA9D3298D3092006C892B /* UIButton+SFSymbol.swift in Sources */,
				B5F7A834299B8E050001ED69 /* CompLayoutArtist.swift in Sources */,
				B59272962983C60400932ADD /* HomeView.swift in Sources */,
				B57DA9D0298D18BC006C892B /* PlayerView.swift in Sources */,
				B56C3CA62984CBF4002BC147 /* UIImageViewURL.swift in Sources */,
				B56C3CB72984E92B002BC147 /* PlaylistAlbumDetailViewCell.swift in Sources */,
				B592729D2983D99000932ADD /* HomeViewModel.swift in Sources */,
				B5BD57722978EB9E004D9789 /* LoginViewController.swift in Sources */,
				B5BD578B2978F647004D9789 /* APIConstant.swift in Sources */,
				B57DA9D1298D18BC006C892B /* PlayerViewModel.swift in Sources */,
				B56C27872987808C0048F8D7 /* Album.swift in Sources */,
				B5F7A82D299B86750001ED69 /* ArtistViewModel.swift in Sources */,
				B56C3CB52984E80B002BC147 /* PlaylistAlbumDetailView.swift in Sources */,
				B5F7A839299B97710001ED69 /* ArtistHeaderReusableView.swift in Sources */,
				B56C279229890DFD0048F8D7 /* MainTabBarViewController.swift in Sources */,
				B5A0C5DD29B35329005E0B15 /* Color.swift in Sources */,
				B56C3CAC2984D4DF002BC147 /* ContentEndpoint.swift in Sources */,
				B5BD576E2978EB9E004D9789 /* AppDelegate.swift in Sources */,
				B5BD57882978F25A004D9789 /* Animation.swift in Sources */,
				B56C2797298BBE4D0048F8D7 /* FloatingCover.swift in Sources */,
				B59272982983C6A600932ADD /* HomeCollectionViewCell.swift in Sources */,
				B5F7A832299B89E40001ED69 /* EndpointProtocol.swift in Sources */,
				B5BD578F2978FD6A004D9789 /* OAuthCode.swift in Sources */,
				B592729B2983C9B600932ADD /* CompLayoutSections.swift in Sources */,
				B5F7A836299B8FF60001ED69 /* ArtistTopTracksCollectionViewCell.swift in Sources */,
				B5A0C5F429B35D07005E0B15 /* Font.swift in Sources */,
				B5BD57922979348F004D9789 /* EncodeBase64.swift in Sources */,
				B5F7A82F299B89C80001ED69 /* ArtistEndpoint.swift in Sources */,
				B56C3CB02984E0FF002BC147 /* NewReleaseAlbum.swift in Sources */,
				B50E391C29B228BE0083AEAE /* UserEndpoint.swift in Sources */,
				B57DA9CF298D18BC006C892B /* PlayerViewController.swift in Sources */,
				B56C278E2987AB5B0048F8D7 /* AlbumContent.swift in Sources */,
				B56C276E298665CF0048F8D7 /* PlaylistContent.swift in Sources */,
				B56C2790298906E40048F8D7 /* APIToken.swift in Sources */,
				B5BD5796297963BA004D9789 /* LoginView.swift in Sources */,
				B56C27892987A1DE0048F8D7 /* RecentlyPlayed.swift in Sources */,
				B5F7A82B299B866E0001ED69 /* ArtistView.swift in Sources */,
				B5F7A828299B86520001ED69 /* ArtistViewController.swift in Sources */,
				B56C2795298926E00048F8D7 /* PlaylistAlbumHeaderCollectionReusableView.swift in Sources */,
				B5F7A83B299B9ECB0001ED69 /* ArtistPopularTracks.swift in Sources */,
				B56C3CAA2984D3F1002BC147 /* CurrentUserAlbums.swift in Sources */,
				B56C278329877FED0048F8D7 /* APIImage.swift in Sources */,
				B56C3CA22984125F002BC147 /* HeaderCollectionReusableView.swift in Sources */,
				B5BD579429795041004D9789 /* LoginViewModel.swift in Sources */,
				B5D868DF2996842C00677118 /* PlayerViewBottom.swift in Sources */,
				B56C3CB92984EA4A002BC147 /* PlaylistAlbumDetailViewModel.swift in Sources */,
				B56C3CA429842ACF002BC147 /* FeaturedPlaylists.swift in Sources */,
				B56C2785298780560048F8D7 /* Track.swift in Sources */,
				B56C279A298BF7CE0048F8D7 /* UIIMage+AverageColor.swift in Sources */,
				B5BD57702978EB9E004D9789 /* SceneDelegate.swift in Sources */,
				B57DA9D5298D3813006C892B /* UIView+Shadows.swift in Sources */,
				B50E391A29B1D7310083AEAE /* ArtistAlbumCollectionViewCell.swift in Sources */,
				B50E391729B1D5C50083AEAE /* ArtistAlbum.swift in Sources */,
				B5BD579A297964FE004D9789 /* HomeViewController.swift in Sources */,
				B56C278C2987A2700048F8D7 /* Artist.swift in Sources */,
				B56C3CB22984E7E4002BC147 /* PlaylistAlbumDetailViewController.swift in Sources */,
				B5A0C5F729B496DC005E0B15 /* MusicVisualizerView.swift in Sources */,
				B50E391F29B22A290083AEAE /* User.swift in Sources */,
			);
			runOnlyForDeploymentPostprocessing = 0;
		};
/* End PBXSourcesBuildPhase section */

/* Begin PBXVariantGroup section */
		B5BD57782978EB9F004D9789 /* LaunchScreen.storyboard */ = {
			isa = PBXVariantGroup;
			children = (
				B5BD57792978EB9F004D9789 /* Base */,
			);
			name = LaunchScreen.storyboard;
			sourceTree = "<group>";
		};
/* End PBXVariantGroup section */

/* Begin XCBuildConfiguration section */
		B5BD577C2978EB9F004D9789 /* Debug */ = {
			isa = XCBuildConfiguration;
			buildSettings = {
				ALWAYS_SEARCH_USER_PATHS = NO;
				CLANG_ANALYZER_NONNULL = YES;
				CLANG_ANALYZER_NUMBER_OBJECT_CONVERSION = YES_AGGRESSIVE;
				CLANG_CXX_LANGUAGE_STANDARD = "gnu++20";
				CLANG_ENABLE_MODULES = YES;
				CLANG_ENABLE_OBJC_ARC = YES;
				CLANG_ENABLE_OBJC_WEAK = YES;
				CLANG_WARN_BLOCK_CAPTURE_AUTORELEASING = YES;
				CLANG_WARN_BOOL_CONVERSION = YES;
				CLANG_WARN_COMMA = YES;
				CLANG_WARN_CONSTANT_CONVERSION = YES;
				CLANG_WARN_DEPRECATED_OBJC_IMPLEMENTATIONS = YES;
				CLANG_WARN_DIRECT_OBJC_ISA_USAGE = YES_ERROR;
				CLANG_WARN_DOCUMENTATION_COMMENTS = YES;
				CLANG_WARN_EMPTY_BODY = YES;
				CLANG_WARN_ENUM_CONVERSION = YES;
				CLANG_WARN_INFINITE_RECURSION = YES;
				CLANG_WARN_INT_CONVERSION = YES;
				CLANG_WARN_NON_LITERAL_NULL_CONVERSION = YES;
				CLANG_WARN_OBJC_IMPLICIT_RETAIN_SELF = YES;
				CLANG_WARN_OBJC_LITERAL_CONVERSION = YES;
				CLANG_WARN_OBJC_ROOT_CLASS = YES_ERROR;
				CLANG_WARN_QUOTED_INCLUDE_IN_FRAMEWORK_HEADER = YES;
				CLANG_WARN_RANGE_LOOP_ANALYSIS = YES;
				CLANG_WARN_STRICT_PROTOTYPES = YES;
				CLANG_WARN_SUSPICIOUS_MOVE = YES;
				CLANG_WARN_UNGUARDED_AVAILABILITY = YES_AGGRESSIVE;
				CLANG_WARN_UNREACHABLE_CODE = YES;
				CLANG_WARN__DUPLICATE_METHOD_MATCH = YES;
				COPY_PHASE_STRIP = NO;
				DEBUG_INFORMATION_FORMAT = dwarf;
				ENABLE_STRICT_OBJC_MSGSEND = YES;
				ENABLE_TESTABILITY = YES;
				GCC_C_LANGUAGE_STANDARD = gnu11;
				GCC_DYNAMIC_NO_PIC = NO;
				GCC_NO_COMMON_BLOCKS = YES;
				GCC_OPTIMIZATION_LEVEL = 0;
				GCC_PREPROCESSOR_DEFINITIONS = (
					"DEBUG=1",
					"$(inherited)",
				);
				GCC_WARN_64_TO_32_BIT_CONVERSION = YES;
				GCC_WARN_ABOUT_RETURN_TYPE = YES_ERROR;
				GCC_WARN_UNDECLARED_SELECTOR = YES;
				GCC_WARN_UNINITIALIZED_AUTOS = YES_AGGRESSIVE;
				GCC_WARN_UNUSED_FUNCTION = YES;
				GCC_WARN_UNUSED_VARIABLE = YES;
				IPHONEOS_DEPLOYMENT_TARGET = 16.0;
				MTL_ENABLE_DEBUG_INFO = INCLUDE_SOURCE;
				MTL_FAST_MATH = YES;
				ONLY_ACTIVE_ARCH = YES;
				SDKROOT = iphoneos;
				SWIFT_ACTIVE_COMPILATION_CONDITIONS = DEBUG;
				SWIFT_OPTIMIZATION_LEVEL = "-Onone";
			};
			name = Debug;
		};
		B5BD577D2978EB9F004D9789 /* Release */ = {
			isa = XCBuildConfiguration;
			buildSettings = {
				ALWAYS_SEARCH_USER_PATHS = NO;
				CLANG_ANALYZER_NONNULL = YES;
				CLANG_ANALYZER_NUMBER_OBJECT_CONVERSION = YES_AGGRESSIVE;
				CLANG_CXX_LANGUAGE_STANDARD = "gnu++20";
				CLANG_ENABLE_MODULES = YES;
				CLANG_ENABLE_OBJC_ARC = YES;
				CLANG_ENABLE_OBJC_WEAK = YES;
				CLANG_WARN_BLOCK_CAPTURE_AUTORELEASING = YES;
				CLANG_WARN_BOOL_CONVERSION = YES;
				CLANG_WARN_COMMA = YES;
				CLANG_WARN_CONSTANT_CONVERSION = YES;
				CLANG_WARN_DEPRECATED_OBJC_IMPLEMENTATIONS = YES;
				CLANG_WARN_DIRECT_OBJC_ISA_USAGE = YES_ERROR;
				CLANG_WARN_DOCUMENTATION_COMMENTS = YES;
				CLANG_WARN_EMPTY_BODY = YES;
				CLANG_WARN_ENUM_CONVERSION = YES;
				CLANG_WARN_INFINITE_RECURSION = YES;
				CLANG_WARN_INT_CONVERSION = YES;
				CLANG_WARN_NON_LITERAL_NULL_CONVERSION = YES;
				CLANG_WARN_OBJC_IMPLICIT_RETAIN_SELF = YES;
				CLANG_WARN_OBJC_LITERAL_CONVERSION = YES;
				CLANG_WARN_OBJC_ROOT_CLASS = YES_ERROR;
				CLANG_WARN_QUOTED_INCLUDE_IN_FRAMEWORK_HEADER = YES;
				CLANG_WARN_RANGE_LOOP_ANALYSIS = YES;
				CLANG_WARN_STRICT_PROTOTYPES = YES;
				CLANG_WARN_SUSPICIOUS_MOVE = YES;
				CLANG_WARN_UNGUARDED_AVAILABILITY = YES_AGGRESSIVE;
				CLANG_WARN_UNREACHABLE_CODE = YES;
				CLANG_WARN__DUPLICATE_METHOD_MATCH = YES;
				COPY_PHASE_STRIP = NO;
				DEBUG_INFORMATION_FORMAT = "dwarf-with-dsym";
				ENABLE_NS_ASSERTIONS = NO;
				ENABLE_STRICT_OBJC_MSGSEND = YES;
				GCC_C_LANGUAGE_STANDARD = gnu11;
				GCC_NO_COMMON_BLOCKS = YES;
				GCC_WARN_64_TO_32_BIT_CONVERSION = YES;
				GCC_WARN_ABOUT_RETURN_TYPE = YES_ERROR;
				GCC_WARN_UNDECLARED_SELECTOR = YES;
				GCC_WARN_UNINITIALIZED_AUTOS = YES_AGGRESSIVE;
				GCC_WARN_UNUSED_FUNCTION = YES;
				GCC_WARN_UNUSED_VARIABLE = YES;
				IPHONEOS_DEPLOYMENT_TARGET = 16.0;
				MTL_ENABLE_DEBUG_INFO = NO;
				MTL_FAST_MATH = YES;
				SDKROOT = iphoneos;
				SWIFT_COMPILATION_MODE = wholemodule;
				SWIFT_OPTIMIZATION_LEVEL = "-O";
				VALIDATE_PRODUCT = YES;
			};
			name = Release;
		};
		B5BD577F2978EB9F004D9789 /* Debug */ = {
			isa = XCBuildConfiguration;
			buildSettings = {
				ASSETCATALOG_COMPILER_APPICON_NAME = AppIcon;
				ASSETCATALOG_COMPILER_GLOBAL_ACCENT_COLOR_NAME = AccentColor;
				CODE_SIGN_STYLE = Automatic;
				CURRENT_PROJECT_VERSION = 1;
				DEVELOPMENT_TEAM = V352R4M2J4;
				GENERATE_INFOPLIST_FILE = YES;
				INFOPLIST_FILE = SpotifyClone/App/Info.plist;
				INFOPLIST_KEY_LSApplicationCategoryType = "";
				INFOPLIST_KEY_UIApplicationSupportsIndirectInputEvents = YES;
				INFOPLIST_KEY_UILaunchStoryboardName = LaunchScreen;
				INFOPLIST_KEY_UISupportedInterfaceOrientations = UIInterfaceOrientationPortrait;
				INFOPLIST_KEY_UIUserInterfaceStyle = Dark;
				LD_RUNPATH_SEARCH_PATHS = (
					"$(inherited)",
					"@executable_path/Frameworks",
				);
				MARKETING_VERSION = 1.0;
				PRODUCT_BUNDLE_IDENTIFIER = pavel.SpotifyClone;
				PRODUCT_NAME = "$(TARGET_NAME)";
				SWIFT_EMIT_LOC_STRINGS = YES;
				SWIFT_VERSION = 5.0;
				TARGETED_DEVICE_FAMILY = "1,2";
			};
			name = Debug;
		};
		B5BD57802978EB9F004D9789 /* Release */ = {
			isa = XCBuildConfiguration;
			buildSettings = {
				ASSETCATALOG_COMPILER_APPICON_NAME = AppIcon;
				ASSETCATALOG_COMPILER_GLOBAL_ACCENT_COLOR_NAME = AccentColor;
				CODE_SIGN_STYLE = Automatic;
				CURRENT_PROJECT_VERSION = 1;
				DEVELOPMENT_TEAM = V352R4M2J4;
				GENERATE_INFOPLIST_FILE = YES;
				INFOPLIST_FILE = SpotifyClone/App/Info.plist;
				INFOPLIST_KEY_LSApplicationCategoryType = "";
				INFOPLIST_KEY_UIApplicationSupportsIndirectInputEvents = YES;
				INFOPLIST_KEY_UILaunchStoryboardName = LaunchScreen;
				INFOPLIST_KEY_UISupportedInterfaceOrientations = UIInterfaceOrientationPortrait;
				INFOPLIST_KEY_UIUserInterfaceStyle = Dark;
				LD_RUNPATH_SEARCH_PATHS = (
					"$(inherited)",
					"@executable_path/Frameworks",
				);
				MARKETING_VERSION = 1.0;
				PRODUCT_BUNDLE_IDENTIFIER = pavel.SpotifyClone;
				PRODUCT_NAME = "$(TARGET_NAME)";
				SWIFT_EMIT_LOC_STRINGS = YES;
				SWIFT_VERSION = 5.0;
				TARGETED_DEVICE_FAMILY = "1,2";
			};
			name = Release;
		};
/* End XCBuildConfiguration section */

/* Begin XCConfigurationList section */
		B5BD57652978EB9E004D9789 /* Build configuration list for PBXProject "SpotifyClone" */ = {
			isa = XCConfigurationList;
			buildConfigurations = (
				B5BD577C2978EB9F004D9789 /* Debug */,
				B5BD577D2978EB9F004D9789 /* Release */,
			);
			defaultConfigurationIsVisible = 0;
			defaultConfigurationName = Release;
		};
		B5BD577E2978EB9F004D9789 /* Build configuration list for PBXNativeTarget "SpotifyClone" */ = {
			isa = XCConfigurationList;
			buildConfigurations = (
				B5BD577F2978EB9F004D9789 /* Debug */,
				B5BD57802978EB9F004D9789 /* Release */,
			);
			defaultConfigurationIsVisible = 0;
			defaultConfigurationName = Release;
		};
/* End XCConfigurationList section */
	};
	rootObject = B5BD57622978EB9E004D9789 /* Project object */;
}
